
Microsoft Visual Studio Solution File, Format Version 12.00
# Visual Studio Version 16
VisualStudioVersion = 16.0.29123.88
MinimumVisualStudioVersion = 10.0.40219.1
Project("{FAE04EC0-301F-11D3-BF4B-00C04F79EFBC}") = "SystemUdviklingH5", "SystemUdviklingH5\SystemUdviklingH5.csproj", "{73A375C1-FAF3-488F-98D5-DD04C9CB0097}"
EndProject
Global
	GlobalSection(SolutionConfigurationPlatforms) = preSolution
		Debug|Any CPU = Debug|Any CPU
		Release|Any CPU = Release|Any CPU
	EndGlobalSection
	GlobalSection(ProjectConfigurationPlatforms) = postSolution
		{73A375C1-FAF3-488F-98D5-DD04C9CB0097}.Debug|Any CPU.ActiveCfg = Debug|Any CPU
		{73A375C1-FAF3-488F-98D5-DD04C9CB0097}.Debug|Any CPU.Build.0 = Debug|Any CPU
		{73A375C1-FAF3-488F-98D5-DD04C9CB0097}.Release|Any CPU.ActiveCfg = Release|Any CPU
		{73A375C1-FAF3-488F-98D5-DD04C9CB0097}.Release|Any CPU.Build.0 = Release|Any CPU
	EndGlobalSection
	GlobalSection(SolutionProperties) = preSolution
		HideSolutionNode = FALSE
	EndGlobalSection
	GlobalSection(ExtensibilityGlobals) = postSolution
		SolutionGuid = {FDDAD49A-C03F-41FD-8625-3C6365E5A544}
	EndGlobalSection
EndGlobal
